
Microsoft Visual Studio Solution File, Format Version 12.00
# Visual Studio Version 17
VisualStudioVersion = 17.0.31903.59
MinimumVisualStudioVersion = 10.0.40219.1
Project("{2150E333-8FDC-42A3-9474-1A3956D46DE8}") = "Services", "Services", "{96AA6124-7995-4B02-9F27-6236C4C3E838}"
EndProject
Project("{9A19103F-16F7-4668-BE54-9A1E7A4F7556}") = "TelegramMessaging.API", "TelegramMessaging.API\TelegramMessaging.API.csproj", "{97D80879-0917-4168-9BD3-C6FD6CFFC3D5}"
EndProject
Project("{2150E333-8FDC-42A3-9474-1A3956D46DE8}") = "TelegramMessaging", "TelegramMessaging", "{BAAA16DF-9528-4B05-89DF-3143BDE010BA}"
EndProject
Project("{2150E333-8FDC-42A3-9474-1A3956D46DE8}") = "ShoppingList", "ShoppingList", "{B891414C-C9B3-4400-B9B6-02C0DF4C62D6}"
EndProject
Project("{9A19103F-16F7-4668-BE54-9A1E7A4F7556}") = "ShoppingList.Domain", "ShoppingList.Domain\ShoppingList.Domain.csproj", "{E26AECCC-CFEC-46AE-BE56-53AEE17E80FA}"
EndProject
Project("{9A19103F-16F7-4668-BE54-9A1E7A4F7556}") = "ShoppingList.Infrastructure", "ShoppingList.Infrastructure\ShoppingList.Infrastructure.csproj", "{18BF8B92-5C38-4AED-BA3A-B1CAABD4245B}"
EndProject
Project("{9A19103F-16F7-4668-BE54-9A1E7A4F7556}") = "ShoppingList.API", "ShoppingList.API\ShoppingList.API.csproj", "{4CDE6B4A-D148-42CF-8141-FF2BF87BE2F3}"
EndProject
Project("{9A19103F-16F7-4668-BE54-9A1E7A4F7556}") = "TelegramMessaging.Domain", "TelegramMessaging.Domain\TelegramMessaging.Domain.csproj", "{AF01DFF2-20ED-4887-B52D-612284BEEAD3}"
EndProject
Project("{9A19103F-16F7-4668-BE54-9A1E7A4F7556}") = "TelegramMessaging.Infrastructure", "TelegramMessaging.Infrastructure\TelegramMessaging.Infrastructure.csproj", "{A9EB9C95-F789-46B5-A8E6-A92256762825}"
EndProject
Project("{2150E333-8FDC-42A3-9474-1A3956D46DE8}") = "Solution Items", "Solution Items", "{745A00D4-337F-4013-BF33-E485E04F6077}"
	ProjectSection(SolutionItems) = preProject
		docker-compose.yml = docker-compose.yml
	EndProjectSection
EndProject
Project("{9A19103F-16F7-4668-BE54-9A1E7A4F7556}") = "EventBus", "BuildingBlocks\EventBus\EventBus.csproj", "{892251A5-ED21-4A29-8714-7B9C9EB7D666}"
EndProject
Project("{2150E333-8FDC-42A3-9474-1A3956D46DE8}") = "BuildingBlocks", "BuildingBlocks", "{681653C2-64C8-4E05-B13B-E14BE169FB38}"
EndProject
Project("{2150E333-8FDC-42A3-9474-1A3956D46DE8}") = "EventBus", "EventBus", "{E9F4FC14-E501-40F6-81A1-1BB32739D206}"
EndProject
Project("{FAE04EC0-301F-11D3-BF4B-00C04F79EFBC}") = "EventBusKafka", "EventBusKafka\EventBusKafka.csproj", "{4C4C9E73-E0C4-4BDC-890E-3BDDEAE34EB8}"
EndProject
Global
	GlobalSection(SolutionConfigurationPlatforms) = preSolution
		Debug|Any CPU = Debug|Any CPU
		Release|Any CPU = Release|Any CPU
	EndGlobalSection
	GlobalSection(ProjectConfigurationPlatforms) = postSolution
		{97D80879-0917-4168-9BD3-C6FD6CFFC3D5}.Debug|Any CPU.ActiveCfg = Debug|Any CPU
		{97D80879-0917-4168-9BD3-C6FD6CFFC3D5}.Debug|Any CPU.Build.0 = Debug|Any CPU
		{97D80879-0917-4168-9BD3-C6FD6CFFC3D5}.Release|Any CPU.ActiveCfg = Release|Any CPU
		{97D80879-0917-4168-9BD3-C6FD6CFFC3D5}.Release|Any CPU.Build.0 = Release|Any CPU
		{E26AECCC-CFEC-46AE-BE56-53AEE17E80FA}.Debug|Any CPU.ActiveCfg = Debug|Any CPU
		{E26AECCC-CFEC-46AE-BE56-53AEE17E80FA}.Debug|Any CPU.Build.0 = Debug|Any CPU
		{E26AECCC-CFEC-46AE-BE56-53AEE17E80FA}.Release|Any CPU.ActiveCfg = Release|Any CPU
		{E26AECCC-CFEC-46AE-BE56-53AEE17E80FA}.Release|Any CPU.Build.0 = Release|Any CPU
		{18BF8B92-5C38-4AED-BA3A-B1CAABD4245B}.Debug|Any CPU.ActiveCfg = Debug|Any CPU
		{18BF8B92-5C38-4AED-BA3A-B1CAABD4245B}.Debug|Any CPU.Build.0 = Debug|Any CPU
		{18BF8B92-5C38-4AED-BA3A-B1CAABD4245B}.Release|Any CPU.ActiveCfg = Release|Any CPU
		{18BF8B92-5C38-4AED-BA3A-B1CAABD4245B}.Release|Any CPU.Build.0 = Release|Any CPU
		{4CDE6B4A-D148-42CF-8141-FF2BF87BE2F3}.Debug|Any CPU.ActiveCfg = Debug|Any CPU
		{4CDE6B4A-D148-42CF-8141-FF2BF87BE2F3}.Debug|Any CPU.Build.0 = Debug|Any CPU
		{4CDE6B4A-D148-42CF-8141-FF2BF87BE2F3}.Release|Any CPU.ActiveCfg = Release|Any CPU
		{4CDE6B4A-D148-42CF-8141-FF2BF87BE2F3}.Release|Any CPU.Build.0 = Release|Any CPU
		{AF01DFF2-20ED-4887-B52D-612284BEEAD3}.Debug|Any CPU.ActiveCfg = Debug|Any CPU
		{AF01DFF2-20ED-4887-B52D-612284BEEAD3}.Debug|Any CPU.Build.0 = Debug|Any CPU
		{AF01DFF2-20ED-4887-B52D-612284BEEAD3}.Release|Any CPU.ActiveCfg = Release|Any CPU
		{AF01DFF2-20ED-4887-B52D-612284BEEAD3}.Release|Any CPU.Build.0 = Release|Any CPU
		{A9EB9C95-F789-46B5-A8E6-A92256762825}.Debug|Any CPU.ActiveCfg = Debug|Any CPU
		{A9EB9C95-F789-46B5-A8E6-A92256762825}.Debug|Any CPU.Build.0 = Debug|Any CPU
		{A9EB9C95-F789-46B5-A8E6-A92256762825}.Release|Any CPU.ActiveCfg = Release|Any CPU
		{A9EB9C95-F789-46B5-A8E6-A92256762825}.Release|Any CPU.Build.0 = Release|Any CPU
		{892251A5-ED21-4A29-8714-7B9C9EB7D666}.Debug|Any CPU.ActiveCfg = Debug|Any CPU
		{892251A5-ED21-4A29-8714-7B9C9EB7D666}.Debug|Any CPU.Build.0 = Debug|Any CPU
		{892251A5-ED21-4A29-8714-7B9C9EB7D666}.Release|Any CPU.ActiveCfg = Release|Any CPU
		{892251A5-ED21-4A29-8714-7B9C9EB7D666}.Release|Any CPU.Build.0 = Release|Any CPU
		{4C4C9E73-E0C4-4BDC-890E-3BDDEAE34EB8}.Debug|Any CPU.ActiveCfg = Debug|Any CPU
		{4C4C9E73-E0C4-4BDC-890E-3BDDEAE34EB8}.Debug|Any CPU.Build.0 = Debug|Any CPU
		{4C4C9E73-E0C4-4BDC-890E-3BDDEAE34EB8}.Release|Any CPU.ActiveCfg = Release|Any CPU
		{4C4C9E73-E0C4-4BDC-890E-3BDDEAE34EB8}.Release|Any CPU.Build.0 = Release|Any CPU
	EndGlobalSection
	GlobalSection(SolutionProperties) = preSolution
		HideSolutionNode = FALSE
	EndGlobalSection
	GlobalSection(NestedProjects) = preSolution
		{97D80879-0917-4168-9BD3-C6FD6CFFC3D5} = {BAAA16DF-9528-4B05-89DF-3143BDE010BA}
		{BAAA16DF-9528-4B05-89DF-3143BDE010BA} = {96AA6124-7995-4B02-9F27-6236C4C3E838}
		{B891414C-C9B3-4400-B9B6-02C0DF4C62D6} = {96AA6124-7995-4B02-9F27-6236C4C3E838}
		{E26AECCC-CFEC-46AE-BE56-53AEE17E80FA} = {B891414C-C9B3-4400-B9B6-02C0DF4C62D6}
		{18BF8B92-5C38-4AED-BA3A-B1CAABD4245B} = {B891414C-C9B3-4400-B9B6-02C0DF4C62D6}
		{4CDE6B4A-D148-42CF-8141-FF2BF87BE2F3} = {B891414C-C9B3-4400-B9B6-02C0DF4C62D6}
		{AF01DFF2-20ED-4887-B52D-612284BEEAD3} = {BAAA16DF-9528-4B05-89DF-3143BDE010BA}
		{A9EB9C95-F789-46B5-A8E6-A92256762825} = {BAAA16DF-9528-4B05-89DF-3143BDE010BA}
		{892251A5-ED21-4A29-8714-7B9C9EB7D666} = {E9F4FC14-E501-40F6-81A1-1BB32739D206}
		{E9F4FC14-E501-40F6-81A1-1BB32739D206} = {681653C2-64C8-4E05-B13B-E14BE169FB38}
		{4C4C9E73-E0C4-4BDC-890E-3BDDEAE34EB8} = {E9F4FC14-E501-40F6-81A1-1BB32739D206}
	EndGlobalSection
	GlobalSection(ExtensibilityGlobals) = postSolution
		SolutionGuid = {C8454611-BCAB-4D14-88C1-1CB067A3BD80}
	EndGlobalSection
EndGlobal
